// !$*UTF8*$!
{
	archiveVersion = 1;
	classes = {
	};
	objectVersion = 46;
	objects = {

/* Begin PBXGroup section */
		F563B55B1A1D26D20079DCB4 = {
			isa = PBXGroup;
			children = (
			);
			sourceTree = "<group>";
		};
/* End PBXGroup section */

/* Begin PBXProject section */
		F563B55C1A1D26D20079DCB4 /* Project object */ = {
			isa = PBXProject;
			attributes = {
				LastUpgradeCheck = 0610;
			};
			buildConfigurationList = F563B55F1A1D26D20079DCB4 /* Build configuration list for PBXProject "RetireSmart.iOS" */;
			compatibilityVersion = "Xcode 3.2";
			developmentRegion = English;
			hasScannedForEncodings = 0;
			knownRegions = (
				en,
			);
			mainGroup = F563B55B1A1D26D20079DCB4;
			projectDirPath = "";
			projectRoot = "";
			targets = (
			);
		};
/* End PBXProject section */

/* Begin XCBuildConfiguration section */
		F563B5601A1D26D20079DCB4 /* Debug */ = {
			isa = XCBuildConfiguration;
			buildSettings = {
			};
			name = Debug;
		};
		F563B5611A1D26D20079DCB4 /* Release */ = {
			isa = XCBuildConfiguration;
			buildSettings = {
			};
			name = Release;
		};
/* End XCBuildConfiguration section */

/* Begin XCConfigurationList section */
		F563B55F1A1D26D20079DCB4 /* Build configuration list for PBXProject "RetireSmart.iOS" */ = {
			isa = XCConfigurationList;
			buildConfigurations = (
				F563B5601A1D26D20079DCB4 /* Debug */,
				F563B5611A1D26D20079DCB4 /* Release */,
			);
			defaultConfigurationIsVisible = 0;
			defaultConfigurationName = Release;
		};
/* End XCConfigurationList section */
	};
	rootObject = F563B55C1A1D26D20079DCB4 /* Project object */;
}
