
Microsoft Visual Studio Solution File, Format Version 11.00
# Visual Studio 2010
Project("{FAE04EC0-301F-11D3-BF4B-00C04F79EFBC}") = "ColumnChart2D", "ColumnChart2D\ColumnChart2D.csproj", "{C39E85CB-3B55-4846-956F-76BAFBEFCB93}"
EndProject
Project("{FAE04EC0-301F-11D3-BF4B-00C04F79EFBC}") = "ColumnChart3D", "ColumnChart3D\ColumnChart3D.csproj", "{2846EDAF-60EF-475D-BB0F-04DBB8430B55}"
EndProject
Project("{FAE04EC0-301F-11D3-BF4B-00C04F79EFBC}") = "AxesTypes", "AxesTypes\AxesTypes.csproj", "{12B45B36-9F70-4FC2-846D-9BD2717E1FDB}"
EndProject
Project("{FAE04EC0-301F-11D3-BF4B-00C04F79EFBC}") = "DifferentCharts", "DifferentCharts\DifferentCharts.csproj", "{D5C00AC3-E5AC-4BC3-A151-D87ED448CDFF}"
EndProject
Project("{FAE04EC0-301F-11D3-BF4B-00C04F79EFBC}") = "Highlight", "Highlight\Highlight.csproj", "{60314F70-DC7A-4602-BA91-49A5FFE26521}"
EndProject
Project("{FAE04EC0-301F-11D3-BF4B-00C04F79EFBC}") = "MultipleCharts", "MultipleCharts\MultipleCharts.csproj", "{A7A305F1-C2BA-4B53-9E8B-54EBD0189AAD}"
EndProject
Project("{FAE04EC0-301F-11D3-BF4B-00C04F79EFBC}") = "MultipleViews", "MultipleViews\MultipleViews.csproj", "{AFE14640-68E4-40D5-9770-8B47BCAF0DFE}"
EndProject
Project("{FAE04EC0-301F-11D3-BF4B-00C04F79EFBC}") = "SecondaryAxis", "SecondaryAxis\SecondaryAxis.csproj", "{FC48A1DD-0ED8-4239-B644-74E903DFBD4E}"
EndProject
Project("{FAE04EC0-301F-11D3-BF4B-00C04F79EFBC}") = "TimeAxis", "TimeAxis\TimeAxis.csproj", "{2663E1D0-5C2A-46F2-8F4B-8FCDA18F9CAE}"
EndProject
Project("{FAE04EC0-301F-11D3-BF4B-00C04F79EFBC}") = "Tooltips", "Tooltips\Tooltips.csproj", "{0CA00D74-A29A-478F-8421-B48C6119F94A}"
EndProject
Project("{FAE04EC0-301F-11D3-BF4B-00C04F79EFBC}") = "Streaming", "Streaming\Streaming.csproj", "{1241DBAF-A089-49A8-82D4-1E6C3C1C8EFD}"
EndProject
Project("{FAE04EC0-301F-11D3-BF4B-00C04F79EFBC}") = "FloatingColor", "FloatingColor\FloatingColor.csproj", "{1CBF45AB-3D1F-497A-A002-B300629B230C}"
EndProject
Project("{FAE04EC0-301F-11D3-BF4B-00C04F79EFBC}") = "DataSmoothing", "DataSmoothing\DataSmoothing.csproj", "{F9821471-31AB-4BE3-9951-C051AA0818DA}"
EndProject
Global
	GlobalSection(SolutionConfigurationPlatforms) = preSolution
		Debug|iPhoneSimulator = Debug|iPhoneSimulator
		Release|iPhoneSimulator = Release|iPhoneSimulator
		Debug|iPhone = Debug|iPhone
		Release|iPhone = Release|iPhone
		Ad-Hoc|iPhone = Ad-Hoc|iPhone
		AppStore|iPhone = AppStore|iPhone
	EndGlobalSection
	GlobalSection(ProjectConfigurationPlatforms) = postSolution
		{0CA00D74-A29A-478F-8421-B48C6119F94A}.Ad-Hoc|iPhone.ActiveCfg = Ad-Hoc|iPhone
		{0CA00D74-A29A-478F-8421-B48C6119F94A}.Ad-Hoc|iPhone.Build.0 = Ad-Hoc|iPhone
		{0CA00D74-A29A-478F-8421-B48C6119F94A}.AppStore|iPhone.ActiveCfg = AppStore|iPhone
		{0CA00D74-A29A-478F-8421-B48C6119F94A}.AppStore|iPhone.Build.0 = AppStore|iPhone
		{0CA00D74-A29A-478F-8421-B48C6119F94A}.Debug|iPhone.ActiveCfg = Debug|iPhone
		{0CA00D74-A29A-478F-8421-B48C6119F94A}.Debug|iPhone.Build.0 = Debug|iPhone
		{0CA00D74-A29A-478F-8421-B48C6119F94A}.Debug|iPhoneSimulator.ActiveCfg = Debug|iPhoneSimulator
		{0CA00D74-A29A-478F-8421-B48C6119F94A}.Debug|iPhoneSimulator.Build.0 = Debug|iPhoneSimulator
		{0CA00D74-A29A-478F-8421-B48C6119F94A}.Release|iPhone.ActiveCfg = Release|iPhone
		{0CA00D74-A29A-478F-8421-B48C6119F94A}.Release|iPhone.Build.0 = Release|iPhone
		{0CA00D74-A29A-478F-8421-B48C6119F94A}.Release|iPhoneSimulator.ActiveCfg = Release|iPhoneSimulator
		{0CA00D74-A29A-478F-8421-B48C6119F94A}.Release|iPhoneSimulator.Build.0 = Release|iPhoneSimulator
		{1241DBAF-A089-49A8-82D4-1E6C3C1C8EFD}.Ad-Hoc|iPhone.ActiveCfg = Ad-Hoc|iPhone
		{1241DBAF-A089-49A8-82D4-1E6C3C1C8EFD}.Ad-Hoc|iPhone.Build.0 = Ad-Hoc|iPhone
		{1241DBAF-A089-49A8-82D4-1E6C3C1C8EFD}.AppStore|iPhone.ActiveCfg = AppStore|iPhone
		{1241DBAF-A089-49A8-82D4-1E6C3C1C8EFD}.AppStore|iPhone.Build.0 = AppStore|iPhone
		{1241DBAF-A089-49A8-82D4-1E6C3C1C8EFD}.Debug|iPhone.ActiveCfg = Debug|iPhone
		{1241DBAF-A089-49A8-82D4-1E6C3C1C8EFD}.Debug|iPhone.Build.0 = Debug|iPhone
		{1241DBAF-A089-49A8-82D4-1E6C3C1C8EFD}.Debug|iPhoneSimulator.ActiveCfg = Debug|iPhoneSimulator
		{1241DBAF-A089-49A8-82D4-1E6C3C1C8EFD}.Debug|iPhoneSimulator.Build.0 = Debug|iPhoneSimulator
		{1241DBAF-A089-49A8-82D4-1E6C3C1C8EFD}.Release|iPhone.ActiveCfg = Release|iPhone
		{1241DBAF-A089-49A8-82D4-1E6C3C1C8EFD}.Release|iPhone.Build.0 = Release|iPhone
		{1241DBAF-A089-49A8-82D4-1E6C3C1C8EFD}.Release|iPhoneSimulator.ActiveCfg = Release|iPhoneSimulator
		{1241DBAF-A089-49A8-82D4-1E6C3C1C8EFD}.Release|iPhoneSimulator.Build.0 = Release|iPhoneSimulator
		{12B45B36-9F70-4FC2-846D-9BD2717E1FDB}.Ad-Hoc|iPhone.ActiveCfg = Ad-Hoc|iPhone
		{12B45B36-9F70-4FC2-846D-9BD2717E1FDB}.Ad-Hoc|iPhone.Build.0 = Ad-Hoc|iPhone
		{12B45B36-9F70-4FC2-846D-9BD2717E1FDB}.AppStore|iPhone.ActiveCfg = AppStore|iPhone
		{12B45B36-9F70-4FC2-846D-9BD2717E1FDB}.AppStore|iPhone.Build.0 = AppStore|iPhone
		{12B45B36-9F70-4FC2-846D-9BD2717E1FDB}.Debug|iPhone.ActiveCfg = Debug|iPhone
		{12B45B36-9F70-4FC2-846D-9BD2717E1FDB}.Debug|iPhone.Build.0 = Debug|iPhone
		{12B45B36-9F70-4FC2-846D-9BD2717E1FDB}.Debug|iPhoneSimulator.ActiveCfg = Debug|iPhoneSimulator
		{12B45B36-9F70-4FC2-846D-9BD2717E1FDB}.Debug|iPhoneSimulator.Build.0 = Debug|iPhoneSimulator
		{12B45B36-9F70-4FC2-846D-9BD2717E1FDB}.Release|iPhone.ActiveCfg = Release|iPhone
		{12B45B36-9F70-4FC2-846D-9BD2717E1FDB}.Release|iPhone.Build.0 = Release|iPhone
		{12B45B36-9F70-4FC2-846D-9BD2717E1FDB}.Release|iPhoneSimulator.ActiveCfg = Release|iPhoneSimulator
		{12B45B36-9F70-4FC2-846D-9BD2717E1FDB}.Release|iPhoneSimulator.Build.0 = Release|iPhoneSimulator
		{1CBF45AB-3D1F-497A-A002-B300629B230C}.Ad-Hoc|iPhone.ActiveCfg = Ad-Hoc|iPhone
		{1CBF45AB-3D1F-497A-A002-B300629B230C}.Ad-Hoc|iPhone.Build.0 = Ad-Hoc|iPhone
		{1CBF45AB-3D1F-497A-A002-B300629B230C}.AppStore|iPhone.ActiveCfg = AppStore|iPhone
		{1CBF45AB-3D1F-497A-A002-B300629B230C}.AppStore|iPhone.Build.0 = AppStore|iPhone
		{1CBF45AB-3D1F-497A-A002-B300629B230C}.Debug|iPhone.ActiveCfg = Debug|iPhone
		{1CBF45AB-3D1F-497A-A002-B300629B230C}.Debug|iPhone.Build.0 = Debug|iPhone
		{1CBF45AB-3D1F-497A-A002-B300629B230C}.Debug|iPhoneSimulator.ActiveCfg = Debug|iPhoneSimulator
		{1CBF45AB-3D1F-497A-A002-B300629B230C}.Debug|iPhoneSimulator.Build.0 = Debug|iPhoneSimulator
		{1CBF45AB-3D1F-497A-A002-B300629B230C}.Release|iPhone.ActiveCfg = Release|iPhone
		{1CBF45AB-3D1F-497A-A002-B300629B230C}.Release|iPhone.Build.0 = Release|iPhone
		{1CBF45AB-3D1F-497A-A002-B300629B230C}.Release|iPhoneSimulator.ActiveCfg = Release|iPhoneSimulator
		{1CBF45AB-3D1F-497A-A002-B300629B230C}.Release|iPhoneSimulator.Build.0 = Release|iPhoneSimulator
		{2663E1D0-5C2A-46F2-8F4B-8FCDA18F9CAE}.Ad-Hoc|iPhone.ActiveCfg = Ad-Hoc|iPhone
		{2663E1D0-5C2A-46F2-8F4B-8FCDA18F9CAE}.Ad-Hoc|iPhone.Build.0 = Ad-Hoc|iPhone
		{2663E1D0-5C2A-46F2-8F4B-8FCDA18F9CAE}.AppStore|iPhone.ActiveCfg = AppStore|iPhone
		{2663E1D0-5C2A-46F2-8F4B-8FCDA18F9CAE}.AppStore|iPhone.Build.0 = AppStore|iPhone
		{2663E1D0-5C2A-46F2-8F4B-8FCDA18F9CAE}.Debug|iPhone.ActiveCfg = Debug|iPhone
		{2663E1D0-5C2A-46F2-8F4B-8FCDA18F9CAE}.Debug|iPhone.Build.0 = Debug|iPhone
		{2663E1D0-5C2A-46F2-8F4B-8FCDA18F9CAE}.Debug|iPhoneSimulator.ActiveCfg = Debug|iPhoneSimulator
		{2663E1D0-5C2A-46F2-8F4B-8FCDA18F9CAE}.Debug|iPhoneSimulator.Build.0 = Debug|iPhoneSimulator
		{2663E1D0-5C2A-46F2-8F4B-8FCDA18F9CAE}.Release|iPhone.ActiveCfg = Release|iPhone
		{2663E1D0-5C2A-46F2-8F4B-8FCDA18F9CAE}.Release|iPhone.Build.0 = Release|iPhone
		{2663E1D0-5C2A-46F2-8F4B-8FCDA18F9CAE}.Release|iPhoneSimulator.ActiveCfg = Release|iPhoneSimulator
		{2663E1D0-5C2A-46F2-8F4B-8FCDA18F9CAE}.Release|iPhoneSimulator.Build.0 = Release|iPhoneSimulator
		{2846EDAF-60EF-475D-BB0F-04DBB8430B55}.Ad-Hoc|iPhone.ActiveCfg = Ad-Hoc|iPhone
		{2846EDAF-60EF-475D-BB0F-04DBB8430B55}.Ad-Hoc|iPhone.Build.0 = Ad-Hoc|iPhone
		{2846EDAF-60EF-475D-BB0F-04DBB8430B55}.AppStore|iPhone.ActiveCfg = AppStore|iPhone
		{2846EDAF-60EF-475D-BB0F-04DBB8430B55}.AppStore|iPhone.Build.0 = AppStore|iPhone
		{2846EDAF-60EF-475D-BB0F-04DBB8430B55}.Debug|iPhone.ActiveCfg = Debug|iPhone
		{2846EDAF-60EF-475D-BB0F-04DBB8430B55}.Debug|iPhone.Build.0 = Debug|iPhone
		{2846EDAF-60EF-475D-BB0F-04DBB8430B55}.Debug|iPhoneSimulator.ActiveCfg = Debug|iPhoneSimulator
		{2846EDAF-60EF-475D-BB0F-04DBB8430B55}.Debug|iPhoneSimulator.Build.0 = Debug|iPhoneSimulator
		{2846EDAF-60EF-475D-BB0F-04DBB8430B55}.Release|iPhone.ActiveCfg = Release|iPhone
		{2846EDAF-60EF-475D-BB0F-04DBB8430B55}.Release|iPhone.Build.0 = Release|iPhone
		{2846EDAF-60EF-475D-BB0F-04DBB8430B55}.Release|iPhoneSimulator.ActiveCfg = Release|iPhoneSimulator
		{2846EDAF-60EF-475D-BB0F-04DBB8430B55}.Release|iPhoneSimulator.Build.0 = Release|iPhoneSimulator
		{60314F70-DC7A-4602-BA91-49A5FFE26521}.Ad-Hoc|iPhone.ActiveCfg = Ad-Hoc|iPhone
		{60314F70-DC7A-4602-BA91-49A5FFE26521}.Ad-Hoc|iPhone.Build.0 = Ad-Hoc|iPhone
		{60314F70-DC7A-4602-BA91-49A5FFE26521}.AppStore|iPhone.ActiveCfg = AppStore|iPhone
		{60314F70-DC7A-4602-BA91-49A5FFE26521}.AppStore|iPhone.Build.0 = AppStore|iPhone
		{60314F70-DC7A-4602-BA91-49A5FFE26521}.Debug|iPhone.ActiveCfg = Debug|iPhone
		{60314F70-DC7A-4602-BA91-49A5FFE26521}.Debug|iPhone.Build.0 = Debug|iPhone
		{60314F70-DC7A-4602-BA91-49A5FFE26521}.Debug|iPhoneSimulator.ActiveCfg = Debug|iPhoneSimulator
		{60314F70-DC7A-4602-BA91-49A5FFE26521}.Debug|iPhoneSimulator.Build.0 = Debug|iPhoneSimulator
		{60314F70-DC7A-4602-BA91-49A5FFE26521}.Release|iPhone.ActiveCfg = Release|iPhone
		{60314F70-DC7A-4602-BA91-49A5FFE26521}.Release|iPhone.Build.0 = Release|iPhone
		{60314F70-DC7A-4602-BA91-49A5FFE26521}.Release|iPhoneSimulator.ActiveCfg = Release|iPhoneSimulator
		{60314F70-DC7A-4602-BA91-49A5FFE26521}.Release|iPhoneSimulator.Build.0 = Release|iPhoneSimulator
		{A7A305F1-C2BA-4B53-9E8B-54EBD0189AAD}.Ad-Hoc|iPhone.ActiveCfg = Ad-Hoc|iPhone
		{A7A305F1-C2BA-4B53-9E8B-54EBD0189AAD}.Ad-Hoc|iPhone.Build.0 = Ad-Hoc|iPhone
		{A7A305F1-C2BA-4B53-9E8B-54EBD0189AAD}.AppStore|iPhone.ActiveCfg = AppStore|iPhone
		{A7A305F1-C2BA-4B53-9E8B-54EBD0189AAD}.AppStore|iPhone.Build.0 = AppStore|iPhone
		{A7A305F1-C2BA-4B53-9E8B-54EBD0189AAD}.Debug|iPhone.ActiveCfg = Debug|iPhone
		{A7A305F1-C2BA-4B53-9E8B-54EBD0189AAD}.Debug|iPhone.Build.0 = Debug|iPhone
		{A7A305F1-C2BA-4B53-9E8B-54EBD0189AAD}.Debug|iPhoneSimulator.ActiveCfg = Debug|iPhoneSimulator
		{A7A305F1-C2BA-4B53-9E8B-54EBD0189AAD}.Debug|iPhoneSimulator.Build.0 = Debug|iPhoneSimulator
		{A7A305F1-C2BA-4B53-9E8B-54EBD0189AAD}.Release|iPhone.ActiveCfg = Release|iPhone
		{A7A305F1-C2BA-4B53-9E8B-54EBD0189AAD}.Release|iPhone.Build.0 = Release|iPhone
		{A7A305F1-C2BA-4B53-9E8B-54EBD0189AAD}.Release|iPhoneSimulator.ActiveCfg = Release|iPhoneSimulator
		{A7A305F1-C2BA-4B53-9E8B-54EBD0189AAD}.Release|iPhoneSimulator.Build.0 = Release|iPhoneSimulator
		{AFE14640-68E4-40D5-9770-8B47BCAF0DFE}.Ad-Hoc|iPhone.ActiveCfg = Ad-Hoc|iPhone
		{AFE14640-68E4-40D5-9770-8B47BCAF0DFE}.Ad-Hoc|iPhone.Build.0 = Ad-Hoc|iPhone
		{AFE14640-68E4-40D5-9770-8B47BCAF0DFE}.AppStore|iPhone.ActiveCfg = AppStore|iPhone
		{AFE14640-68E4-40D5-9770-8B47BCAF0DFE}.AppStore|iPhone.Build.0 = AppStore|iPhone
		{AFE14640-68E4-40D5-9770-8B47BCAF0DFE}.Debug|iPhone.ActiveCfg = Debug|iPhone
		{AFE14640-68E4-40D5-9770-8B47BCAF0DFE}.Debug|iPhone.Build.0 = Debug|iPhone
		{AFE14640-68E4-40D5-9770-8B47BCAF0DFE}.Debug|iPhoneSimulator.ActiveCfg = Debug|iPhoneSimulator
		{AFE14640-68E4-40D5-9770-8B47BCAF0DFE}.Debug|iPhoneSimulator.Build.0 = Debug|iPhoneSimulator
		{AFE14640-68E4-40D5-9770-8B47BCAF0DFE}.Release|iPhone.ActiveCfg = Release|iPhone
		{AFE14640-68E4-40D5-9770-8B47BCAF0DFE}.Release|iPhone.Build.0 = Release|iPhone
		{AFE14640-68E4-40D5-9770-8B47BCAF0DFE}.Release|iPhoneSimulator.ActiveCfg = Release|iPhoneSimulator
		{AFE14640-68E4-40D5-9770-8B47BCAF0DFE}.Release|iPhoneSimulator.Build.0 = Release|iPhoneSimulator
		{C39E85CB-3B55-4846-956F-76BAFBEFCB93}.Ad-Hoc|iPhone.ActiveCfg = Ad-Hoc|iPhone
		{C39E85CB-3B55-4846-956F-76BAFBEFCB93}.Ad-Hoc|iPhone.Build.0 = Ad-Hoc|iPhone
		{C39E85CB-3B55-4846-956F-76BAFBEFCB93}.AppStore|iPhone.ActiveCfg = AppStore|iPhone
		{C39E85CB-3B55-4846-956F-76BAFBEFCB93}.AppStore|iPhone.Build.0 = AppStore|iPhone
		{C39E85CB-3B55-4846-956F-76BAFBEFCB93}.Debug|iPhone.ActiveCfg = Debug|iPhone
		{C39E85CB-3B55-4846-956F-76BAFBEFCB93}.Debug|iPhone.Build.0 = Debug|iPhone
		{C39E85CB-3B55-4846-956F-76BAFBEFCB93}.Debug|iPhoneSimulator.ActiveCfg = Debug|iPhoneSimulator
		{C39E85CB-3B55-4846-956F-76BAFBEFCB93}.Debug|iPhoneSimulator.Build.0 = Debug|iPhoneSimulator
		{C39E85CB-3B55-4846-956F-76BAFBEFCB93}.Release|iPhone.ActiveCfg = Release|iPhone
		{C39E85CB-3B55-4846-956F-76BAFBEFCB93}.Release|iPhone.Build.0 = Release|iPhone
		{C39E85CB-3B55-4846-956F-76BAFBEFCB93}.Release|iPhoneSimulator.ActiveCfg = Release|iPhoneSimulator
		{C39E85CB-3B55-4846-956F-76BAFBEFCB93}.Release|iPhoneSimulator.Build.0 = Release|iPhoneSimulator
		{D5C00AC3-E5AC-4BC3-A151-D87ED448CDFF}.Ad-Hoc|iPhone.ActiveCfg = Ad-Hoc|iPhone
		{D5C00AC3-E5AC-4BC3-A151-D87ED448CDFF}.Ad-Hoc|iPhone.Build.0 = Ad-Hoc|iPhone
		{D5C00AC3-E5AC-4BC3-A151-D87ED448CDFF}.AppStore|iPhone.ActiveCfg = AppStore|iPhone
		{D5C00AC3-E5AC-4BC3-A151-D87ED448CDFF}.AppStore|iPhone.Build.0 = AppStore|iPhone
		{D5C00AC3-E5AC-4BC3-A151-D87ED448CDFF}.Debug|iPhone.ActiveCfg = Debug|iPhone
		{D5C00AC3-E5AC-4BC3-A151-D87ED448CDFF}.Debug|iPhone.Build.0 = Debug|iPhone
		{D5C00AC3-E5AC-4BC3-A151-D87ED448CDFF}.Debug|iPhoneSimulator.ActiveCfg = Debug|iPhoneSimulator
		{D5C00AC3-E5AC-4BC3-A151-D87ED448CDFF}.Debug|iPhoneSimulator.Build.0 = Debug|iPhoneSimulator
		{D5C00AC3-E5AC-4BC3-A151-D87ED448CDFF}.Release|iPhone.ActiveCfg = Release|iPhone
		{D5C00AC3-E5AC-4BC3-A151-D87ED448CDFF}.Release|iPhone.Build.0 = Release|iPhone
		{D5C00AC3-E5AC-4BC3-A151-D87ED448CDFF}.Release|iPhoneSimulator.ActiveCfg = Release|iPhoneSimulator
		{D5C00AC3-E5AC-4BC3-A151-D87ED448CDFF}.Release|iPhoneSimulator.Build.0 = Release|iPhoneSimulator
		{F9821471-31AB-4BE3-9951-C051AA0818DA}.Ad-Hoc|iPhone.ActiveCfg = Ad-Hoc|iPhone
		{F9821471-31AB-4BE3-9951-C051AA0818DA}.Ad-Hoc|iPhone.Build.0 = Ad-Hoc|iPhone
		{F9821471-31AB-4BE3-9951-C051AA0818DA}.AppStore|iPhone.ActiveCfg = AppStore|iPhone
		{F9821471-31AB-4BE3-9951-C051AA0818DA}.AppStore|iPhone.Build.0 = AppStore|iPhone
		{F9821471-31AB-4BE3-9951-C051AA0818DA}.Debug|iPhone.ActiveCfg = Debug|iPhone
		{F9821471-31AB-4BE3-9951-C051AA0818DA}.Debug|iPhone.Build.0 = Debug|iPhone
		{F9821471-31AB-4BE3-9951-C051AA0818DA}.Debug|iPhoneSimulator.ActiveCfg = Debug|iPhoneSimulator
		{F9821471-31AB-4BE3-9951-C051AA0818DA}.Debug|iPhoneSimulator.Build.0 = Debug|iPhoneSimulator
		{F9821471-31AB-4BE3-9951-C051AA0818DA}.Release|iPhone.ActiveCfg = Release|iPhone
		{F9821471-31AB-4BE3-9951-C051AA0818DA}.Release|iPhone.Build.0 = Release|iPhone
		{F9821471-31AB-4BE3-9951-C051AA0818DA}.Release|iPhoneSimulator.ActiveCfg = Release|iPhoneSimulator
		{F9821471-31AB-4BE3-9951-C051AA0818DA}.Release|iPhoneSimulator.Build.0 = Release|iPhoneSimulator
		{FC48A1DD-0ED8-4239-B644-74E903DFBD4E}.Ad-Hoc|iPhone.ActiveCfg = Ad-Hoc|iPhone
		{FC48A1DD-0ED8-4239-B644-74E903DFBD4E}.Ad-Hoc|iPhone.Build.0 = Ad-Hoc|iPhone
		{FC48A1DD-0ED8-4239-B644-74E903DFBD4E}.AppStore|iPhone.ActiveCfg = AppStore|iPhone
		{FC48A1DD-0ED8-4239-B644-74E903DFBD4E}.AppStore|iPhone.Build.0 = AppStore|iPhone
		{FC48A1DD-0ED8-4239-B644-74E903DFBD4E}.Debug|iPhone.ActiveCfg = Debug|iPhone
		{FC48A1DD-0ED8-4239-B644-74E903DFBD4E}.Debug|iPhone.Build.0 = Debug|iPhone
		{FC48A1DD-0ED8-4239-B644-74E903DFBD4E}.Debug|iPhoneSimulator.ActiveCfg = Debug|iPhoneSimulator
		{FC48A1DD-0ED8-4239-B644-74E903DFBD4E}.Debug|iPhoneSimulator.Build.0 = Debug|iPhoneSimulator
		{FC48A1DD-0ED8-4239-B644-74E903DFBD4E}.Release|iPhone.ActiveCfg = Release|iPhone
		{FC48A1DD-0ED8-4239-B644-74E903DFBD4E}.Release|iPhone.Build.0 = Release|iPhone
		{FC48A1DD-0ED8-4239-B644-74E903DFBD4E}.Release|iPhoneSimulator.ActiveCfg = Release|iPhoneSimulator
		{FC48A1DD-0ED8-4239-B644-74E903DFBD4E}.Release|iPhoneSimulator.Build.0 = Release|iPhoneSimulator
	EndGlobalSection
	GlobalSection(MonoDevelopProperties) = preSolution
		StartupItem = AxesTypes\AxesTypes.csproj
		Policies = $0
		$0.DotNetNamingPolicy = $1
		$1.DirectoryNamespaceAssociation = None
		$1.ResourceNamePolicy = FileFormatDefault
		$0.StandardHeader = $2
		$2.Text = 
		$2.IncludeInNewFiles = True
		$0.NameConventionPolicy = $3
		$3.Rules = $4
		$4.NamingRule = $5
		$5.Name = Namespaces
		$5.AffectedEntity = Namespace
		$5.VisibilityMask = VisibilityMask
		$5.NamingStyle = PascalCase
		$5.IncludeInstanceMembers = True
		$5.IncludeStaticEntities = True
		$4.NamingRule = $6
		$6.Name = Types
		$6.AffectedEntity = Class, Struct, Enum, Delegate
		$6.VisibilityMask = Public
		$6.NamingStyle = PascalCase
		$6.IncludeInstanceMembers = True
		$6.IncludeStaticEntities = True
		$4.NamingRule = $7
		$7.Name = Interfaces
		$7.RequiredPrefixes = $8
		$8.String = I
		$7.AffectedEntity = Interface
		$7.VisibilityMask = Public
		$7.NamingStyle = PascalCase
		$7.IncludeInstanceMembers = True
		$7.IncludeStaticEntities = True
		$4.NamingRule = $9
		$9.Name = Attributes
		$9.RequiredSuffixes = $10
		$10.String = Attribute
		$9.AffectedEntity = CustomAttributes
		$9.VisibilityMask = Public
		$9.NamingStyle = PascalCase
		$9.IncludeInstanceMembers = True
		$9.IncludeStaticEntities = True
		$4.NamingRule = $11
		$11.Name = Event Arguments
		$11.RequiredSuffixes = $12
		$12.String = EventArgs
		$11.AffectedEntity = CustomEventArgs
		$11.VisibilityMask = Public
		$11.NamingStyle = PascalCase
		$11.IncludeInstanceMembers = True
		$11.IncludeStaticEntities = True
		$4.NamingRule = $13
		$13.Name = Exceptions
		$13.RequiredSuffixes = $14
		$14.String = Exception
		$13.AffectedEntity = CustomExceptions
		$13.VisibilityMask = VisibilityMask
		$13.NamingStyle = PascalCase
		$13.IncludeInstanceMembers = True
		$13.IncludeStaticEntities = True
		$4.NamingRule = $15
		$15.Name = Methods
		$15.AffectedEntity = Methods
		$15.VisibilityMask = Protected, Public
		$15.NamingStyle = PascalCase
		$15.IncludeInstanceMembers = True
		$15.IncludeStaticEntities = True
		$4.NamingRule = $16
		$16.Name = Static Readonly Fields
		$16.AffectedEntity = ReadonlyField
		$16.VisibilityMask = Protected, Public
		$16.NamingStyle = PascalCase
		$16.IncludeInstanceMembers = False
		$16.IncludeStaticEntities = True
		$4.NamingRule = $17
		$17.Name = Fields
		$17.AffectedEntity = Field
		$17.VisibilityMask = Protected, Public
		$17.NamingStyle = PascalCase
		$17.IncludeInstanceMembers = True
		$17.IncludeStaticEntities = True
		$4.NamingRule = $18
		$18.Name = ReadOnly Fields
		$18.AffectedEntity = ReadonlyField
		$18.VisibilityMask = Protected, Public
		$18.NamingStyle = PascalCase
		$18.IncludeInstanceMembers = True
		$18.IncludeStaticEntities = False
		$4.NamingRule = $19
		$19.Name = Constant Fields
		$19.AffectedEntity = ConstantField
		$19.VisibilityMask = Protected, Public
		$19.NamingStyle = PascalCase
		$19.IncludeInstanceMembers = True
		$19.IncludeStaticEntities = True
		$4.NamingRule = $20
		$20.Name = Properties
		$20.AffectedEntity = Property
		$20.VisibilityMask = Protected, Public
		$20.NamingStyle = PascalCase
		$20.IncludeInstanceMembers = True
		$20.IncludeStaticEntities = True
		$4.NamingRule = $21
		$21.Name = Events
		$21.AffectedEntity = Event
		$21.VisibilityMask = Protected, Public
		$21.NamingStyle = PascalCase
		$21.IncludeInstanceMembers = True
		$21.IncludeStaticEntities = True
		$4.NamingRule = $22
		$22.Name = Enum Members
		$22.AffectedEntity = EnumMember
		$22.VisibilityMask = VisibilityMask
		$22.NamingStyle = PascalCase
		$22.IncludeInstanceMembers = True
		$22.IncludeStaticEntities = True
		$4.NamingRule = $23
		$23.Name = Parameters
		$23.AffectedEntity = Parameter
		$23.VisibilityMask = VisibilityMask
		$23.NamingStyle = CamelCase
		$23.IncludeInstanceMembers = True
		$23.IncludeStaticEntities = True
		$4.NamingRule = $24
		$24.Name = Type Parameters
		$24.RequiredPrefixes = $25
		$25.String = T
		$24.AffectedEntity = TypeParameter
		$24.VisibilityMask = VisibilityMask
		$24.NamingStyle = PascalCase
		$24.IncludeInstanceMembers = True
		$24.IncludeStaticEntities = True
		$0.VersionControlPolicy = $26
		$26.inheritsSet = Mono
		$0.ChangeLogPolicy = $27
		$27.UpdateMode = None
		$27.MessageStyle = $28
		$28.LineAlign = 0
		$27.inheritsSet = Mono
		description = iOS Samples. The samples cover the most common cases of NChart3D usage and help you to get the quick start.
		version = 1.0
	EndGlobalSection
EndGlobal
