
Microsoft Visual Studio Solution File, Format Version 12.00
# Visual Studio 2012
Project("{FAE04EC0-301F-11D3-BF4B-00C04F79EFBC}") = "CorePlotiOSSample", "CorePlotiOSSample.csproj", "{B2FA601F-739F-47D7-A9C6-C65D7C0DB932}"
EndProject
Global
	GlobalSection(SolutionConfigurationPlatforms) = preSolution
		Debug|iPhoneSimulator = Debug|iPhoneSimulator
		Release|iPhoneSimulator = Release|iPhoneSimulator
		Debug|iPhone = Debug|iPhone
		Release|iPhone = Release|iPhone
		Ad-Hoc|iPhone = Ad-Hoc|iPhone
		AppStore|iPhone = AppStore|iPhone
	EndGlobalSection
	GlobalSection(ProjectConfigurationPlatforms) = postSolution
		{0080505E-72BE-437A-8A7D-BDB34A052951}.Ad-Hoc|iPhone.ActiveCfg = Release|Any CPU
		{0080505E-72BE-437A-8A7D-BDB34A052951}.Ad-Hoc|iPhone.Build.0 = Release|Any CPU
		{0080505E-72BE-437A-8A7D-BDB34A052951}.AppStore|iPhone.ActiveCfg = Release|Any CPU
		{0080505E-72BE-437A-8A7D-BDB34A052951}.AppStore|iPhone.Build.0 = Release|Any CPU
		{0080505E-72BE-437A-8A7D-BDB34A052951}.Debug|iPhone.ActiveCfg = Debug|Any CPU
		{0080505E-72BE-437A-8A7D-BDB34A052951}.Debug|iPhone.Build.0 = Debug|Any CPU
		{0080505E-72BE-437A-8A7D-BDB34A052951}.Debug|iPhoneSimulator.ActiveCfg = Debug|Any CPU
		{0080505E-72BE-437A-8A7D-BDB34A052951}.Debug|iPhoneSimulator.Build.0 = Debug|Any CPU
		{0080505E-72BE-437A-8A7D-BDB34A052951}.Release|iPhone.ActiveCfg = Release|Any CPU
		{0080505E-72BE-437A-8A7D-BDB34A052951}.Release|iPhone.Build.0 = Release|Any CPU
		{0080505E-72BE-437A-8A7D-BDB34A052951}.Release|iPhoneSimulator.ActiveCfg = Release|Any CPU
		{0080505E-72BE-437A-8A7D-BDB34A052951}.Release|iPhoneSimulator.Build.0 = Release|Any CPU
		{B2FA601F-739F-47D7-A9C6-C65D7C0DB932}.Ad-Hoc|iPhone.ActiveCfg = Ad-Hoc|iPhone
		{B2FA601F-739F-47D7-A9C6-C65D7C0DB932}.Ad-Hoc|iPhone.Build.0 = Ad-Hoc|iPhone
		{B2FA601F-739F-47D7-A9C6-C65D7C0DB932}.AppStore|iPhone.ActiveCfg = AppStore|iPhone
		{B2FA601F-739F-47D7-A9C6-C65D7C0DB932}.AppStore|iPhone.Build.0 = AppStore|iPhone
		{B2FA601F-739F-47D7-A9C6-C65D7C0DB932}.Debug|iPhone.ActiveCfg = Debug|iPhone
		{B2FA601F-739F-47D7-A9C6-C65D7C0DB932}.Debug|iPhone.Build.0 = Debug|iPhone
		{B2FA601F-739F-47D7-A9C6-C65D7C0DB932}.Debug|iPhoneSimulator.ActiveCfg = Debug|iPhoneSimulator
		{B2FA601F-739F-47D7-A9C6-C65D7C0DB932}.Debug|iPhoneSimulator.Build.0 = Debug|iPhoneSimulator
		{B2FA601F-739F-47D7-A9C6-C65D7C0DB932}.Release|iPhone.ActiveCfg = Release|iPhone
		{B2FA601F-739F-47D7-A9C6-C65D7C0DB932}.Release|iPhone.Build.0 = Release|iPhone
		{B2FA601F-739F-47D7-A9C6-C65D7C0DB932}.Release|iPhoneSimulator.ActiveCfg = Release|iPhoneSimulator
		{B2FA601F-739F-47D7-A9C6-C65D7C0DB932}.Release|iPhoneSimulator.Build.0 = Release|iPhoneSimulator
	EndGlobalSection
	GlobalSection(MonoDevelopProperties) = preSolution
		StartupItem = CorePlotiOSSample.csproj
	EndGlobalSection
EndGlobal
